
Microsoft Visual Studio Solution File, Format Version 12.00
# Visual Studio Version 16
VisualStudioVersion = 16.0.31105.61
MinimumVisualStudioVersion = 10.0.40219.1
Project("{FAE04EC0-301F-11D3-BF4B-00C04F79EFBC}") = "GameBird2", "GameBird2\GameBird2.csproj", "{5F197E20-7C67-4F00-A0EA-169F45470761}"
EndProject
Global
	GlobalSection(SolutionConfigurationPlatforms) = preSolution
		Debug|Any CPU = Debug|Any CPU
		Release|Any CPU = Release|Any CPU
	EndGlobalSection
	GlobalSection(ProjectConfigurationPlatforms) = postSolution
		{5F197E20-7C67-4F00-A0EA-169F45470761}.Debug|Any CPU.ActiveCfg = Debug|Any CPU
		{5F197E20-7C67-4F00-A0EA-169F45470761}.Debug|Any CPU.Build.0 = Debug|Any CPU
		{5F197E20-7C67-4F00-A0EA-169F45470761}.Release|Any CPU.ActiveCfg = Release|Any CPU
		{5F197E20-7C67-4F00-A0EA-169F45470761}.Release|Any CPU.Build.0 = Release|Any CPU
	EndGlobalSection
	GlobalSection(SolutionProperties) = preSolution
		HideSolutionNode = FALSE
	EndGlobalSection
	GlobalSection(ExtensibilityGlobals) = postSolution
		SolutionGuid = {5C185BC8-37FF-4C06-848B-51C5FCA8004B}
	EndGlobalSection
EndGlobal
